{
    "name": "flakewatch-backend",
    "version": "1.0.0",
    "lockfileVersion": 3,
    "requires": true,
    "packages": {
        "": {
            "name": "flakewatch-backend",
            "version": "1.0.0",
            "license": "MIT",
            "dependencies": {
                "@octokit/rest": "^21.0.0",
                "adm-zip": "^0.5.14",
                "esno": "^4.7.0",
                "java-parser": "^2.3.2",
                "simple-git": "^3.25.0",
                "typescript": "^5.5.2"
            },
            "devDependencies": {
                "@types/adm-zip": "^0.5.5",
                "@types/node": "^20.14.9"
            }
        },
        "node_modules/@chevrotain/cst-dts-gen": {
            "version": "11.0.3",
            "resolved": "https://registry.npmjs.org/@chevrotain/cst-dts-gen/-/cst-dts-gen-11.0.3.tgz",
            "integrity": "sha512-BvIKpRLeS/8UbfxXxgC33xOumsacaeCKAjAeLyOn7Pcp95HiRbrpl14S+9vaZLolnbssPIUuiUd8IvgkRyt6NQ==",
            "license": "Apache-2.0",
            "dependencies": {
                "@chevrotain/gast": "11.0.3",
                "@chevrotain/types": "11.0.3",
                "lodash-es": "4.17.21"
            }
        },
        "node_modules/@chevrotain/gast": {
            "version": "11.0.3",
            "resolved": "https://registry.npmjs.org/@chevrotain/gast/-/gast-11.0.3.tgz",
            "integrity": "sha512-+qNfcoNk70PyS/uxmj3li5NiECO+2YKZZQMbmjTqRI3Qchu8Hig/Q9vgkHpI3alNjr7M+a2St5pw5w5F6NL5/Q==",
            "license": "Apache-2.0",
            "dependencies": {
                "@chevrotain/types": "11.0.3",
                "lodash-es": "4.17.21"
            }
        },
        "node_modules/@chevrotain/regexp-to-ast": {
            "version": "11.0.3",
            "resolved": "https://registry.npmjs.org/@chevrotain/regexp-to-ast/-/regexp-to-ast-11.0.3.tgz",
            "integrity": "sha512-1fMHaBZxLFvWI067AVbGJav1eRY7N8DDvYCTwGBiE/ytKBgP8azTdgyrKyWZ9Mfh09eHWb5PgTSO8wi7U824RA==",
            "license": "Apache-2.0"
        },
        "node_modules/@chevrotain/types": {
            "version": "11.0.3",
            "resolved": "https://registry.npmjs.org/@chevrotain/types/-/types-11.0.3.tgz",
            "integrity": "sha512-gsiM3G8b58kZC2HaWR50gu6Y1440cHiJ+i3JUvcp/35JchYejb2+5MVeJK0iKThYpAa/P2PYFV4hoi44HD+aHQ==",
            "license": "Apache-2.0"
        },
        "node_modules/@chevrotain/utils": {
            "version": "11.0.3",
            "resolved": "https://registry.npmjs.org/@chevrotain/utils/-/utils-11.0.3.tgz",
            "integrity": "sha512-YslZMgtJUyuMbZ+aKvfF3x1f5liK4mWNxghFRv7jqRR9C3R3fAOGTTKvxXDa2Y1s9zSbcpuO0cAxDYsc9SrXoQ==",
            "license": "Apache-2.0"
        },
        "node_modules/@esbuild/aix-ppc64": {
            "version": "0.21.5",
            "resolved": "https://registry.npmjs.org/@esbuild/aix-ppc64/-/aix-ppc64-0.21.5.tgz",
            "integrity": "sha512-1SDgH6ZSPTlggy1yI6+Dbkiz8xzpHJEVAlF/AM1tHPLsf5STom9rwtjE4hKAF20FfXXNTFqEYXyJNWh1GiZedQ==",
            "cpu": [
                "ppc64"
            ],
            "license": "MIT",
            "optional": true,
            "os": [
                "aix"
            ],
            "engines": {
                "node": ">=12"
            }
        },
        "node_modules/@esbuild/android-arm": {
            "version": "0.21.5",
            "resolved": "https://registry.npmjs.org/@esbuild/android-arm/-/android-arm-0.21.5.tgz",
            "integrity": "sha512-vCPvzSjpPHEi1siZdlvAlsPxXl7WbOVUBBAowWug4rJHb68Ox8KualB+1ocNvT5fjv6wpkX6o/iEpbDrf68zcg==",
            "cpu": [
                "arm"
            ],
            "license": "MIT",
            "optional": true,
            "os": [
                "android"
            ],
            "engines": {
                "node": ">=12"
            }
        },
        "node_modules/@esbuild/android-arm64": {
            "version": "0.21.5",
            "resolved": "https://registry.npmjs.org/@esbuild/android-arm64/-/android-arm64-0.21.5.tgz",
            "integrity": "sha512-c0uX9VAUBQ7dTDCjq+wdyGLowMdtR/GoC2U5IYk/7D1H1JYC0qseD7+11iMP2mRLN9RcCMRcjC4YMclCzGwS/A==",
            "cpu": [
                "arm64"
            ],
            "license": "MIT",
            "optional": true,
            "os": [
                "android"
            ],
            "engines": {
                "node": ">=12"
            }
        },
        "node_modules/@esbuild/android-x64": {
            "version": "0.21.5",
            "resolved": "https://registry.npmjs.org/@esbuild/android-x64/-/android-x64-0.21.5.tgz",
            "integrity": "sha512-D7aPRUUNHRBwHxzxRvp856rjUHRFW1SdQATKXH2hqA0kAZb1hKmi02OpYRacl0TxIGz/ZmXWlbZgjwWYaCakTA==",
            "cpu": [
                "x64"
            ],
            "license": "MIT",
            "optional": true,
            "os": [
                "android"
            ],
            "engines": {
                "node": ">=12"
            }
        },
        "node_modules/@esbuild/darwin-arm64": {
            "version": "0.21.5",
            "resolved": "https://registry.npmjs.org/@esbuild/darwin-arm64/-/darwin-arm64-0.21.5.tgz",
            "integrity": "sha512-DwqXqZyuk5AiWWf3UfLiRDJ5EDd49zg6O9wclZ7kUMv2WRFr4HKjXp/5t8JZ11QbQfUS6/cRCKGwYhtNAY88kQ==",
            "cpu": [
                "arm64"
            ],
            "license": "MIT",
            "optional": true,
            "os": [
                "darwin"
            ],
            "engines": {
                "node": ">=12"
            }
        },
        "node_modules/@esbuild/darwin-x64": {
            "version": "0.21.5",
            "resolved": "https://registry.npmjs.org/@esbuild/darwin-x64/-/darwin-x64-0.21.5.tgz",
            "integrity": "sha512-se/JjF8NlmKVG4kNIuyWMV/22ZaerB+qaSi5MdrXtd6R08kvs2qCN4C09miupktDitvh8jRFflwGFBQcxZRjbw==",
            "cpu": [
                "x64"
            ],
            "license": "MIT",
            "optional": true,
            "os": [
                "darwin"
            ],
            "engines": {
                "node": ">=12"
            }
        },
        "node_modules/@esbuild/freebsd-arm64": {
            "version": "0.21.5",
            "resolved": "https://registry.npmjs.org/@esbuild/freebsd-arm64/-/freebsd-arm64-0.21.5.tgz",
            "integrity": "sha512-5JcRxxRDUJLX8JXp/wcBCy3pENnCgBR9bN6JsY4OmhfUtIHe3ZW0mawA7+RDAcMLrMIZaf03NlQiX9DGyB8h4g==",
            "cpu": [
                "arm64"
            ],
            "license": "MIT",
            "optional": true,
            "os": [
                "freebsd"
            ],
            "engines": {
                "node": ">=12"
            }
        },
        "node_modules/@esbuild/freebsd-x64": {
            "version": "0.21.5",
            "resolved": "https://registry.npmjs.org/@esbuild/freebsd-x64/-/freebsd-x64-0.21.5.tgz",
            "integrity": "sha512-J95kNBj1zkbMXtHVH29bBriQygMXqoVQOQYA+ISs0/2l3T9/kj42ow2mpqerRBxDJnmkUDCaQT/dfNXWX/ZZCQ==",
            "cpu": [
                "x64"
            ],
            "license": "MIT",
            "optional": true,
            "os": [
                "freebsd"
            ],
            "engines": {
                "node": ">=12"
            }
        },
        "node_modules/@esbuild/linux-arm": {
            "version": "0.21.5",
            "resolved": "https://registry.npmjs.org/@esbuild/linux-arm/-/linux-arm-0.21.5.tgz",
            "integrity": "sha512-bPb5AHZtbeNGjCKVZ9UGqGwo8EUu4cLq68E95A53KlxAPRmUyYv2D6F0uUI65XisGOL1hBP5mTronbgo+0bFcA==",
            "cpu": [
                "arm"
            ],
            "license": "MIT",
            "optional": true,
            "os": [
                "linux"
            ],
            "engines": {
                "node": ">=12"
            }
        },
        "node_modules/@esbuild/linux-arm64": {
            "version": "0.21.5",
            "resolved": "https://registry.npmjs.org/@esbuild/linux-arm64/-/linux-arm64-0.21.5.tgz",
            "integrity": "sha512-ibKvmyYzKsBeX8d8I7MH/TMfWDXBF3db4qM6sy+7re0YXya+K1cem3on9XgdT2EQGMu4hQyZhan7TeQ8XkGp4Q==",
            "cpu": [
                "arm64"
            ],
            "license": "MIT",
            "optional": true,
            "os": [
                "linux"
            ],
            "engines": {
                "node": ">=12"
            }
        },
        "node_modules/@esbuild/linux-ia32": {
            "version": "0.21.5",
            "resolved": "https://registry.npmjs.org/@esbuild/linux-ia32/-/linux-ia32-0.21.5.tgz",
            "integrity": "sha512-YvjXDqLRqPDl2dvRODYmmhz4rPeVKYvppfGYKSNGdyZkA01046pLWyRKKI3ax8fbJoK5QbxblURkwK/MWY18Tg==",
            "cpu": [
                "ia32"
            ],
            "license": "MIT",
            "optional": true,
            "os": [
                "linux"
            ],
            "engines": {
                "node": ">=12"
            }
        },
        "node_modules/@esbuild/linux-loong64": {
            "version": "0.21.5",
            "resolved": "https://registry.npmjs.org/@esbuild/linux-loong64/-/linux-loong64-0.21.5.tgz",
            "integrity": "sha512-uHf1BmMG8qEvzdrzAqg2SIG/02+4/DHB6a9Kbya0XDvwDEKCoC8ZRWI5JJvNdUjtciBGFQ5PuBlpEOXQj+JQSg==",
            "cpu": [
                "loong64"
            ],
            "license": "MIT",
            "optional": true,
            "os": [
                "linux"
            ],
            "engines": {
                "node": ">=12"
            }
        },
        "node_modules/@esbuild/linux-mips64el": {
            "version": "0.21.5",
            "resolved": "https://registry.npmjs.org/@esbuild/linux-mips64el/-/linux-mips64el-0.21.5.tgz",
            "integrity": "sha512-IajOmO+KJK23bj52dFSNCMsz1QP1DqM6cwLUv3W1QwyxkyIWecfafnI555fvSGqEKwjMXVLokcV5ygHW5b3Jbg==",
            "cpu": [
                "mips64el"
            ],
            "license": "MIT",
            "optional": true,
            "os": [
                "linux"
            ],
            "engines": {
                "node": ">=12"
            }
        },
        "node_modules/@esbuild/linux-ppc64": {
            "version": "0.21.5",
            "resolved": "https://registry.npmjs.org/@esbuild/linux-ppc64/-/linux-ppc64-0.21.5.tgz",
            "integrity": "sha512-1hHV/Z4OEfMwpLO8rp7CvlhBDnjsC3CttJXIhBi+5Aj5r+MBvy4egg7wCbe//hSsT+RvDAG7s81tAvpL2XAE4w==",
            "cpu": [
                "ppc64"
            ],
            "license": "MIT",
            "optional": true,
            "os": [
                "linux"
            ],
            "engines": {
                "node": ">=12"
            }
        },
        "node_modules/@esbuild/linux-riscv64": {
            "version": "0.21.5",
            "resolved": "https://registry.npmjs.org/@esbuild/linux-riscv64/-/linux-riscv64-0.21.5.tgz",
            "integrity": "sha512-2HdXDMd9GMgTGrPWnJzP2ALSokE/0O5HhTUvWIbD3YdjME8JwvSCnNGBnTThKGEB91OZhzrJ4qIIxk/SBmyDDA==",
            "cpu": [
                "riscv64"
            ],
            "license": "MIT",
            "optional": true,
            "os": [
                "linux"
            ],
            "engines": {
                "node": ">=12"
            }
        },
        "node_modules/@esbuild/linux-s390x": {
            "version": "0.21.5",
            "resolved": "https://registry.npmjs.org/@esbuild/linux-s390x/-/linux-s390x-0.21.5.tgz",
            "integrity": "sha512-zus5sxzqBJD3eXxwvjN1yQkRepANgxE9lgOW2qLnmr8ikMTphkjgXu1HR01K4FJg8h1kEEDAqDcZQtbrRnB41A==",
            "cpu": [
                "s390x"
            ],
            "license": "MIT",
            "optional": true,
            "os": [
                "linux"
            ],
            "engines": {
                "node": ">=12"
            }
        },
        "node_modules/@esbuild/linux-x64": {
            "version": "0.21.5",
            "resolved": "https://registry.npmjs.org/@esbuild/linux-x64/-/linux-x64-0.21.5.tgz",
            "integrity": "sha512-1rYdTpyv03iycF1+BhzrzQJCdOuAOtaqHTWJZCWvijKD2N5Xu0TtVC8/+1faWqcP9iBCWOmjmhoH94dH82BxPQ==",
            "cpu": [
                "x64"
            ],
            "license": "MIT",
            "optional": true,
            "os": [
                "linux"
            ],
            "engines": {
                "node": ">=12"
            }
        },
        "node_modules/@esbuild/netbsd-x64": {
            "version": "0.21.5",
            "resolved": "https://registry.npmjs.org/@esbuild/netbsd-x64/-/netbsd-x64-0.21.5.tgz",
            "integrity": "sha512-Woi2MXzXjMULccIwMnLciyZH4nCIMpWQAs049KEeMvOcNADVxo0UBIQPfSmxB3CWKedngg7sWZdLvLczpe0tLg==",
            "cpu": [
                "x64"
            ],
            "license": "MIT",
            "optional": true,
            "os": [
                "netbsd"
            ],
            "engines": {
                "node": ">=12"
            }
        },
        "node_modules/@esbuild/openbsd-x64": {
            "version": "0.21.5",
            "resolved": "https://registry.npmjs.org/@esbuild/openbsd-x64/-/openbsd-x64-0.21.5.tgz",
            "integrity": "sha512-HLNNw99xsvx12lFBUwoT8EVCsSvRNDVxNpjZ7bPn947b8gJPzeHWyNVhFsaerc0n3TsbOINvRP2byTZ5LKezow==",
            "cpu": [
                "x64"
            ],
            "license": "MIT",
            "optional": true,
            "os": [
                "openbsd"
            ],
            "engines": {
                "node": ">=12"
            }
        },
        "node_modules/@esbuild/sunos-x64": {
            "version": "0.21.5",
            "resolved": "https://registry.npmjs.org/@esbuild/sunos-x64/-/sunos-x64-0.21.5.tgz",
            "integrity": "sha512-6+gjmFpfy0BHU5Tpptkuh8+uw3mnrvgs+dSPQXQOv3ekbordwnzTVEb4qnIvQcYXq6gzkyTnoZ9dZG+D4garKg==",
            "cpu": [
                "x64"
            ],
            "license": "MIT",
            "optional": true,
            "os": [
                "sunos"
            ],
            "engines": {
                "node": ">=12"
            }
        },
        "node_modules/@esbuild/win32-arm64": {
            "version": "0.21.5",
            "resolved": "https://registry.npmjs.org/@esbuild/win32-arm64/-/win32-arm64-0.21.5.tgz",
            "integrity": "sha512-Z0gOTd75VvXqyq7nsl93zwahcTROgqvuAcYDUr+vOv8uHhNSKROyU961kgtCD1e95IqPKSQKH7tBTslnS3tA8A==",
            "cpu": [
                "arm64"
            ],
            "license": "MIT",
            "optional": true,
            "os": [
                "win32"
            ],
            "engines": {
                "node": ">=12"
            }
        },
        "node_modules/@esbuild/win32-ia32": {
            "version": "0.21.5",
            "resolved": "https://registry.npmjs.org/@esbuild/win32-ia32/-/win32-ia32-0.21.5.tgz",
            "integrity": "sha512-SWXFF1CL2RVNMaVs+BBClwtfZSvDgtL//G/smwAc5oVK/UPu2Gu9tIaRgFmYFFKrmg3SyAjSrElf0TiJ1v8fYA==",
            "cpu": [
                "ia32"
            ],
            "license": "MIT",
            "optional": true,
            "os": [
                "win32"
            ],
            "engines": {
                "node": ">=12"
            }
        },
        "node_modules/@esbuild/win32-x64": {
            "version": "0.21.5",
            "resolved": "https://registry.npmjs.org/@esbuild/win32-x64/-/win32-x64-0.21.5.tgz",
            "integrity": "sha512-tQd/1efJuzPC6rCFwEvLtci/xNFcTZknmXs98FYDfGE4wP9ClFV98nyKrzJKVPMhdDnjzLhdUyMX4PsQAPjwIw==",
            "cpu": [
                "x64"
            ],
            "license": "MIT",
            "optional": true,
            "os": [
                "win32"
            ],
            "engines": {
                "node": ">=12"
            }
        },
        "node_modules/@kwsites/file-exists": {
            "version": "1.1.1",
            "resolved": "https://registry.npmjs.org/@kwsites/file-exists/-/file-exists-1.1.1.tgz",
            "integrity": "sha512-m9/5YGR18lIwxSFDwfE3oA7bWuq9kdau6ugN4H2rJeyhFQZcG9AgSHkQtSD15a8WvTgfz9aikZMrKPHvbpqFiw==",
            "license": "MIT",
            "dependencies": {
                "debug": "^4.1.1"
            }
        },
        "node_modules/@kwsites/file-exists/node_modules/debug": {
            "version": "4.3.5",
            "resolved": "https://registry.npmjs.org/debug/-/debug-4.3.5.tgz",
            "integrity": "sha512-pt0bNEmneDIvdL1Xsd9oDQ/wrQRkXDT4AUWlNZNPKvW5x/jyO9VFXkJUP07vQ2upmw5PlaITaPKc31jK13V+jg==",
            "license": "MIT",
            "dependencies": {
                "ms": "2.1.2"
            },
            "engines": {
                "node": ">=6.0"
            },
            "peerDependenciesMeta": {
                "supports-color": {
                    "optional": true
                }
            }
        },
        "node_modules/@kwsites/file-exists/node_modules/ms": {
            "version": "2.1.2",
            "resolved": "https://registry.npmjs.org/ms/-/ms-2.1.2.tgz",
            "integrity": "sha512-sGkPx+VjMtmA6MX27oA4FBFELFCZZ4S4XqeGOXCv68tT+jb3vk/RyaKWP0PTKyWtmLSM0b+adUTEvbs1PEaH2w==",
            "license": "MIT"
        },
        "node_modules/@kwsites/promise-deferred": {
            "version": "1.1.1",
            "resolved": "https://registry.npmjs.org/@kwsites/promise-deferred/-/promise-deferred-1.1.1.tgz",
            "integrity": "sha512-GaHYm+c0O9MjZRu0ongGBRbinu8gVAMd2UZjji6jVmqKtZluZnptXGWhz1E8j8D2HJ3f/yMxKAUC0b+57wncIw==",
            "license": "MIT"
        },
        "node_modules/@octokit/auth-token": {
            "version": "5.1.1",
            "resolved": "https://registry.npmjs.org/@octokit/auth-token/-/auth-token-5.1.1.tgz",
            "integrity": "sha512-rh3G3wDO8J9wSjfI436JUKzHIxq8NaiL0tVeB2aXmG6p/9859aUOAjA9pmSPNGGZxfwmaJ9ozOJImuNVJdpvbA==",
            "license": "MIT",
            "engines": {
                "node": ">= 18"
            }
        },
        "node_modules/@octokit/core": {
            "version": "6.1.2",
            "resolved": "https://registry.npmjs.org/@octokit/core/-/core-6.1.2.tgz",
            "integrity": "sha512-hEb7Ma4cGJGEUNOAVmyfdB/3WirWMg5hDuNFVejGEDFqupeOysLc2sG6HJxY2etBp5YQu5Wtxwi020jS9xlUwg==",
            "license": "MIT",
            "dependencies": {
                "@octokit/auth-token": "^5.0.0",
                "@octokit/graphql": "^8.0.0",
                "@octokit/request": "^9.0.0",
                "@octokit/request-error": "^6.0.1",
                "@octokit/types": "^13.0.0",
                "before-after-hook": "^3.0.2",
                "universal-user-agent": "^7.0.0"
            },
            "engines": {
                "node": ">= 18"
            }
        },
        "node_modules/@octokit/endpoint": {
            "version": "10.1.1",
            "resolved": "https://registry.npmjs.org/@octokit/endpoint/-/endpoint-10.1.1.tgz",
            "integrity": "sha512-JYjh5rMOwXMJyUpj028cu0Gbp7qe/ihxfJMLc8VZBMMqSwLgOxDI1911gV4Enl1QSavAQNJcwmwBF9M0VvLh6Q==",
            "license": "MIT",
            "dependencies": {
                "@octokit/types": "^13.0.0",
                "universal-user-agent": "^7.0.2"
            },
            "engines": {
                "node": ">= 18"
            }
        },
        "node_modules/@octokit/graphql": {
            "version": "8.1.1",
            "resolved": "https://registry.npmjs.org/@octokit/graphql/-/graphql-8.1.1.tgz",
            "integrity": "sha512-ukiRmuHTi6ebQx/HFRCXKbDlOh/7xEV6QUXaE7MJEKGNAncGI/STSbOkl12qVXZrfZdpXctx5O9X1AIaebiDBg==",
            "license": "MIT",
            "dependencies": {
                "@octokit/request": "^9.0.0",
                "@octokit/types": "^13.0.0",
                "universal-user-agent": "^7.0.0"
            },
            "engines": {
                "node": ">= 18"
            }
        },
        "node_modules/@octokit/openapi-types": {
            "version": "22.2.0",
            "resolved": "https://registry.npmjs.org/@octokit/openapi-types/-/openapi-types-22.2.0.tgz",
            "integrity": "sha512-QBhVjcUa9W7Wwhm6DBFu6ZZ+1/t/oYxqc2tp81Pi41YNuJinbFRx8B133qVOrAaBbF7D/m0Et6f9/pZt9Rc+tg==",
            "license": "MIT"
        },
        "node_modules/@octokit/plugin-paginate-rest": {
            "version": "11.3.0",
            "resolved": "https://registry.npmjs.org/@octokit/plugin-paginate-rest/-/plugin-paginate-rest-11.3.0.tgz",
            "integrity": "sha512-n4znWfRinnUQF6TPyxs7EctSAA3yVSP4qlJP2YgI3g9d4Ae2n5F3XDOjbUluKRxPU3rfsgpOboI4O4VtPc6Ilg==",
            "license": "MIT",
            "dependencies": {
                "@octokit/types": "^13.5.0"
            },
            "engines": {
                "node": ">= 18"
            },
            "peerDependencies": {
                "@octokit/core": ">=6"
            }
        },
        "node_modules/@octokit/plugin-request-log": {
            "version": "5.3.0",
            "resolved": "https://registry.npmjs.org/@octokit/plugin-request-log/-/plugin-request-log-5.3.0.tgz",
            "integrity": "sha512-FiGcyjdtYPlr03ExBk/0ysIlEFIFGJQAVoPPMxL19B24bVSEiZQnVGBunNtaAF1YnvE/EFoDpXmITtRnyCiypQ==",
            "license": "MIT",
            "engines": {
                "node": ">= 18"
            },
            "peerDependencies": {
                "@octokit/core": ">=6"
            }
        },
        "node_modules/@octokit/plugin-rest-endpoint-methods": {
            "version": "13.2.1",
            "resolved": "https://registry.npmjs.org/@octokit/plugin-rest-endpoint-methods/-/plugin-rest-endpoint-methods-13.2.1.tgz",
            "integrity": "sha512-YMWBw6Exh1ZBs5cCE0AnzYxSQDIJS00VlBqISTgNYmu5MBdeM07K/MAJjy/VkNaH5jpJmD/5HFUvIZ+LDB5jSQ==",
            "license": "MIT",
            "dependencies": {
                "@octokit/types": "^13.5.0"
            },
            "engines": {
                "node": ">= 18"
            },
            "peerDependencies": {
                "@octokit/core": ">=6"
            }
        },
        "node_modules/@octokit/request": {
            "version": "9.1.1",
            "resolved": "https://registry.npmjs.org/@octokit/request/-/request-9.1.1.tgz",
            "integrity": "sha512-pyAguc0p+f+GbQho0uNetNQMmLG1e80WjkIaqqgUkihqUp0boRU6nKItXO4VWnr+nbZiLGEyy4TeKRwqaLvYgw==",
            "license": "MIT",
            "dependencies": {
                "@octokit/endpoint": "^10.0.0",
                "@octokit/request-error": "^6.0.1",
                "@octokit/types": "^13.1.0",
                "universal-user-agent": "^7.0.2"
            },
            "engines": {
                "node": ">= 18"
            }
        },
        "node_modules/@octokit/request-error": {
            "version": "6.1.1",
            "resolved": "https://registry.npmjs.org/@octokit/request-error/-/request-error-6.1.1.tgz",
            "integrity": "sha512-1mw1gqT3fR/WFvnoVpY/zUM2o/XkMs/2AszUUG9I69xn0JFLv6PGkPhNk5lbfvROs79wiS0bqiJNxfCZcRJJdg==",
            "license": "MIT",
            "dependencies": {
                "@octokit/types": "^13.0.0"
            },
            "engines": {
                "node": ">= 18"
            }
        },
        "node_modules/@octokit/rest": {
            "version": "21.0.0",
            "resolved": "https://registry.npmjs.org/@octokit/rest/-/rest-21.0.0.tgz",
            "integrity": "sha512-XudXXOmiIjivdjNZ+fN71NLrnDM00sxSZlhqmPR3v0dVoJwyP628tSlc12xqn8nX3N0965583RBw5GPo6r8u4Q==",
            "license": "MIT",
            "dependencies": {
                "@octokit/core": "^6.1.2",
                "@octokit/plugin-paginate-rest": "^11.0.0",
                "@octokit/plugin-request-log": "^5.1.0",
                "@octokit/plugin-rest-endpoint-methods": "^13.0.0"
            },
            "engines": {
                "node": ">= 18"
            }
        },
        "node_modules/@octokit/types": {
            "version": "13.5.0",
            "resolved": "https://registry.npmjs.org/@octokit/types/-/types-13.5.0.tgz",
            "integrity": "sha512-HdqWTf5Z3qwDVlzCrP8UJquMwunpDiMPt5er+QjGzL4hqr/vBVY/MauQgS1xWxCDT1oMx1EULyqxncdCY/NVSQ==",
            "license": "MIT",
            "dependencies": {
                "@octokit/openapi-types": "^22.2.0"
            }
        },
        "node_modules/@types/adm-zip": {
            "version": "0.5.5",
            "resolved": "https://registry.npmjs.org/@types/adm-zip/-/adm-zip-0.5.5.tgz",
            "integrity": "sha512-YCGstVMjc4LTY5uK9/obvxBya93axZOVOyf2GSUulADzmLhYE45u2nAssCs/fWBs1Ifq5Vat75JTPwd5XZoPJw==",
            "dev": true,
            "license": "MIT",
            "dependencies": {
                "@types/node": "*"
            }
        },
        "node_modules/@types/node": {
            "version": "20.14.9",
            "resolved": "https://registry.npmjs.org/@types/node/-/node-20.14.9.tgz",
            "integrity": "sha512-06OCtnTXtWOZBJlRApleWndH4JsRVs1pDCc8dLSQp+7PpUpX3ePdHyeNSFTeSe7FtKyQkrlPvHwJOW3SLd8Oyg==",
            "dev": true,
            "license": "MIT",
            "dependencies": {
                "undici-types": "~5.26.4"
            }
        },
        "node_modules/adm-zip": {
            "version": "0.5.14",
            "resolved": "https://registry.npmjs.org/adm-zip/-/adm-zip-0.5.14.tgz",
            "integrity": "sha512-DnyqqifT4Jrcvb8USYjp6FHtBpEIz1mnXu6pTRHZ0RL69LbQYiO+0lDFg5+OKA7U29oWSs3a/i8fhn8ZcceIWg==",
            "license": "MIT",
            "engines": {
                "node": ">=12.0"
            }
        },
        "node_modules/before-after-hook": {
            "version": "3.0.2",
            "resolved": "https://registry.npmjs.org/before-after-hook/-/before-after-hook-3.0.2.tgz",
            "integrity": "sha512-Nik3Sc0ncrMK4UUdXQmAnRtzmNQTAAXmXIopizwZ1W1t8QmfJj+zL4OA2I7XPTPW5z5TDqv4hRo/JzouDJnX3A==",
            "license": "Apache-2.0"
        },
        "node_modules/chevrotain": {
            "version": "11.0.3",
            "resolved": "https://registry.npmjs.org/chevrotain/-/chevrotain-11.0.3.tgz",
            "integrity": "sha512-ci2iJH6LeIkvP9eJW6gpueU8cnZhv85ELY8w8WiFtNjMHA5ad6pQLaJo9mEly/9qUyCpvqX8/POVUTf18/HFdw==",
            "license": "Apache-2.0",
            "dependencies": {
                "@chevrotain/cst-dts-gen": "11.0.3",
                "@chevrotain/gast": "11.0.3",
                "@chevrotain/regexp-to-ast": "11.0.3",
                "@chevrotain/types": "11.0.3",
                "@chevrotain/utils": "11.0.3",
                "lodash-es": "4.17.21"
            }
        },
        "node_modules/chevrotain-allstar": {
            "version": "0.3.1",
            "resolved": "https://registry.npmjs.org/chevrotain-allstar/-/chevrotain-allstar-0.3.1.tgz",
            "integrity": "sha512-b7g+y9A0v4mxCW1qUhf3BSVPg+/NvGErk/dOkrDaHA0nQIQGAtrOjlX//9OQtRlSCy+x9rfB5N8yC71lH1nvMw==",
            "license": "MIT",
            "dependencies": {
                "lodash-es": "^4.17.21"
            },
            "peerDependencies": {
                "chevrotain": "^11.0.0"
            }
        },
        "node_modules/esbuild": {
            "version": "0.21.5",
            "resolved": "https://registry.npmjs.org/esbuild/-/esbuild-0.21.5.tgz",
            "integrity": "sha512-mg3OPMV4hXywwpoDxu3Qda5xCKQi+vCTZq8S9J/EpkhB2HzKXq4SNFZE3+NK93JYxc8VMSep+lOUSC/RVKaBqw==",
            "hasInstallScript": true,
            "license": "MIT",
            "bin": {
                "esbuild": "bin/esbuild"
            },
            "engines": {
                "node": ">=12"
            },
            "optionalDependencies": {
                "@esbuild/aix-ppc64": "0.21.5",
                "@esbuild/android-arm": "0.21.5",
                "@esbuild/android-arm64": "0.21.5",
                "@esbuild/android-x64": "0.21.5",
                "@esbuild/darwin-arm64": "0.21.5",
                "@esbuild/darwin-x64": "0.21.5",
                "@esbuild/freebsd-arm64": "0.21.5",
                "@esbuild/freebsd-x64": "0.21.5",
                "@esbuild/linux-arm": "0.21.5",
                "@esbuild/linux-arm64": "0.21.5",
                "@esbuild/linux-ia32": "0.21.5",
                "@esbuild/linux-loong64": "0.21.5",
                "@esbuild/linux-mips64el": "0.21.5",
                "@esbuild/linux-ppc64": "0.21.5",
                "@esbuild/linux-riscv64": "0.21.5",
                "@esbuild/linux-s390x": "0.21.5",
                "@esbuild/linux-x64": "0.21.5",
                "@esbuild/netbsd-x64": "0.21.5",
                "@esbuild/openbsd-x64": "0.21.5",
                "@esbuild/sunos-x64": "0.21.5",
                "@esbuild/win32-arm64": "0.21.5",
                "@esbuild/win32-ia32": "0.21.5",
                "@esbuild/win32-x64": "0.21.5"
            }
        },
        "node_modules/esno": {
            "version": "4.7.0",
            "resolved": "https://registry.npmjs.org/esno/-/esno-4.7.0.tgz",
            "integrity": "sha512-81owrjxIxOwqcABt20U09Wn8lpBo9K6ttqbGvQcB3VYNLJyaV1fvKkDtpZd3Rj5BX3WXiGiJCjUevKQGNICzJg==",
            "license": "MIT",
            "dependencies": {
                "tsx": "^4.7.1"
            },
            "bin": {
                "esno": "esno.js"
            }
        },
        "node_modules/fsevents": {
            "version": "2.3.3",
            "resolved": "https://registry.npmjs.org/fsevents/-/fsevents-2.3.3.tgz",
            "integrity": "sha512-5xoDfX+fL7faATnagmWPpbFtwh/R77WmMMqqHGS65C3vvB0YHrgF+B1YmZ3441tMj5n63k0212XNoJwzlhffQw==",
            "hasInstallScript": true,
            "license": "MIT",
            "optional": true,
            "os": [
                "darwin"
            ],
            "engines": {
                "node": "^8.16.0 || ^10.6.0 || >=11.0.0"
            }
        },
        "node_modules/get-tsconfig": {
            "version": "4.7.5",
            "resolved": "https://registry.npmjs.org/get-tsconfig/-/get-tsconfig-4.7.5.tgz",
            "integrity": "sha512-ZCuZCnlqNzjb4QprAzXKdpp/gh6KTxSJuw3IBsPnV/7fV4NxC9ckB+vPTt8w7fJA0TaSD7c55BR47JD6MEDyDw==",
            "license": "MIT",
            "dependencies": {
                "resolve-pkg-maps": "^1.0.0"
            },
            "funding": {
                "url": "https://github.com/privatenumber/get-tsconfig?sponsor=1"
            }
        },
        "node_modules/java-parser": {
            "version": "2.3.2",
            "resolved": "https://registry.npmjs.org/java-parser/-/java-parser-2.3.2.tgz",
            "integrity": "sha512-/O42UbEHy3VVJw8W0ruHkQjW75oWvQx4QisoUDRIGir6q3/IZ4JslDMPMYEqp7LU56PYJkH5uXdQiBaCXt/Opw==",
            "license": "Apache-2.0",
            "dependencies": {
                "chevrotain": "11.0.3",
                "chevrotain-allstar": "0.3.1",
                "lodash": "4.17.21"
            }
        },
        "node_modules/lodash": {
            "version": "4.17.21",
            "resolved": "https://registry.npmjs.org/lodash/-/lodash-4.17.21.tgz",
            "integrity": "sha512-v2kDEe57lecTulaDIuNTPy3Ry4gLGJ6Z1O3vE1krgXZNrsQ+LFTGHVxVjcXPs17LhbZVGedAJv8XZ1tvj5FvSg==",
            "license": "MIT"
        },
        "node_modules/lodash-es": {
            "version": "4.17.21",
            "resolved": "https://registry.npmjs.org/lodash-es/-/lodash-es-4.17.21.tgz",
            "integrity": "sha512-mKnC+QJ9pWVzv+C4/U3rRsHapFfHvQFoFB92e52xeyGMcX6/OlIl78je1u8vePzYZSkkogMPJ2yjxxsb89cxyw==",
            "license": "MIT"
        },
        "node_modules/resolve-pkg-maps": {
            "version": "1.0.0",
            "resolved": "https://registry.npmjs.org/resolve-pkg-maps/-/resolve-pkg-maps-1.0.0.tgz",
            "integrity": "sha512-seS2Tj26TBVOC2NIc2rOe2y2ZO7efxITtLZcGSOnHHNOQ7CkiUBfw0Iw2ck6xkIhPwLhKNLS8BO+hEpngQlqzw==",
            "license": "MIT",
            "funding": {
                "url": "https://github.com/privatenumber/resolve-pkg-maps?sponsor=1"
            }
        },
        "node_modules/simple-git": {
            "version": "3.25.0",
            "resolved": "https://registry.npmjs.org/simple-git/-/simple-git-3.25.0.tgz",
            "integrity": "sha512-KIY5sBnzc4yEcJXW7Tdv4viEz8KyG+nU0hay+DWZasvdFOYKeUZ6Xc25LUHHjw0tinPT7O1eY6pzX7pRT1K8rw==",
            "license": "MIT",
            "dependencies": {
                "@kwsites/file-exists": "^1.1.1",
                "@kwsites/promise-deferred": "^1.1.1",
                "debug": "^4.3.5"
            },
            "funding": {
                "type": "github",
                "url": "https://github.com/steveukx/git-js?sponsor=1"
            }
        },
        "node_modules/simple-git/node_modules/debug": {
            "version": "4.3.5",
            "resolved": "https://registry.npmjs.org/debug/-/debug-4.3.5.tgz",
            "integrity": "sha512-pt0bNEmneDIvdL1Xsd9oDQ/wrQRkXDT4AUWlNZNPKvW5x/jyO9VFXkJUP07vQ2upmw5PlaITaPKc31jK13V+jg==",
            "license": "MIT",
            "dependencies": {
                "ms": "2.1.2"
            },
            "engines": {
                "node": ">=6.0"
            },
            "peerDependenciesMeta": {
                "supports-color": {
                    "optional": true
                }
            }
        },
        "node_modules/simple-git/node_modules/ms": {
            "version": "2.1.2",
            "resolved": "https://registry.npmjs.org/ms/-/ms-2.1.2.tgz",
            "integrity": "sha512-sGkPx+VjMtmA6MX27oA4FBFELFCZZ4S4XqeGOXCv68tT+jb3vk/RyaKWP0PTKyWtmLSM0b+adUTEvbs1PEaH2w==",
            "license": "MIT"
        },
        "node_modules/tsx": {
            "version": "4.15.6",
            "resolved": "https://registry.npmjs.org/tsx/-/tsx-4.15.6.tgz",
            "integrity": "sha512-is0VQQlfNZRHEuSSTKA6m4xw74IU4AizmuB6lAYLRt9XtuyeQnyJYexhNZOPCB59SqC4JzmSzPnHGBXxf3k0hA==",
            "license": "MIT",
            "dependencies": {
                "esbuild": "~0.21.4",
                "get-tsconfig": "^4.7.5"
            },
            "bin": {
                "tsx": "dist/cli.mjs"
            },
            "engines": {
                "node": ">=18.0.0"
            },
            "optionalDependencies": {
                "fsevents": "~2.3.3"
            }
        },
        "node_modules/typescript": {
            "version": "5.5.2",
            "resolved": "https://registry.npmjs.org/typescript/-/typescript-5.5.2.tgz",
            "integrity": "sha512-NcRtPEOsPFFWjobJEtfihkLCZCXZt/os3zf8nTxjVH3RvTSxjrCamJpbExGvYOF+tFHc3pA65qpdwPbzjohhew==",
            "license": "Apache-2.0",
            "bin": {
                "tsc": "bin/tsc",
                "tsserver": "bin/tsserver"
            },
            "engines": {
                "node": ">=14.17"
            }
        },
        "node_modules/undici-types": {
            "version": "5.26.5",
            "resolved": "https://registry.npmjs.org/undici-types/-/undici-types-5.26.5.tgz",
            "integrity": "sha512-JlCMO+ehdEIKqlFxk6IfVoAUVmgz7cU7zD/h9XZ0qzeosSHmUJVOzSQvvYSYWXkFXC+IfLKSIffhv0sVZup6pA==",
            "dev": true,
            "license": "MIT"
        },
        "node_modules/universal-user-agent": {
            "version": "7.0.2",
            "resolved": "https://registry.npmjs.org/universal-user-agent/-/universal-user-agent-7.0.2.tgz",
            "integrity": "sha512-0JCqzSKnStlRRQfCdowvqy3cy0Dvtlb8xecj/H8JFZuCze4rwjPZQOgvFvn0Ws/usCHQFGpyr+pB9adaGwXn4Q==",
            "license": "ISC"
        }
    }
}
